<Solution>
  <Folder Name="/.github/">
    <File Path=".github/CODE_OF_CONDUCT.md" />
    <File Path=".github/CONTRIBUTING.md" />
    <File Path=".github/PULL_REQUEST_TEMPLATE.md" />
    <File Path=".github/SECURITY.md" />
    <File Path=".github/dependabot.yml" />
    <File Path=".github/release-drafter.yml" />
  </Folder>
  <Folder Name="/.github/ISSUE_TEMPLATE/">
    <File Path=".github/ISSUE_TEMPLATE/BUG_REPORT.yml" />
    <File Path=".github/ISSUE_TEMPLATE/FEATURE_REQUEST.yml" />
  </Folder>
  <Folder Name="/.github/workflows/">
    <File Path=".github/workflows/build.yml" />
    <File Path=".github/workflows/codeql-analysis.yml" />
    <File Path=".github/workflows/release-drafter.yml" />
  </Folder>
  <Folder Name="/Documentation/">
    <File Path="LICENSE.md" />
    <File Path="README.md" />
    <File Path="THIRD-PARTY-NOTICES.md" />
  </Folder>
  <Folder Name="/Images/">
    <File Path="Images/Banner.png" />
    <File Path="Images/Icon.png" />
    <File Path="Images/NaluLogo.svg" />
  </Folder>
  <Folder Name="/Samples/">
    <File Path="Samples/.editorconfig" />
    <File Path="Samples/Directory.Build.props" />
    <Project Path="Samples/Nalu.Maui.Sample/Nalu.Maui.Sample.csproj" />
    <Project Path="Samples/Nalu.Maui.TestApp/Nalu.Maui.TestApp.csproj" />
    <Project Path="Samples/Nalu.Maui.Weather/Nalu.Maui.Weather.csproj" />
  </Folder>
  <Folder Name="/Solution Items/">
    <File Path=".editorconfig" />
    <File Path=".gitattributes" />
    <File Path=".gitignore" />
    <File Path=".mcp.json" />
    <File Path="CLAUDE.md" />
    <File Path="Directory.Build.props" />
    <File Path="Directory.Build.targets" />
    <File Path="Nalu.Pack.slnf" />
    <File Path="build.cake" />
    <File Path="docfx.json" />
    <File Path="dotnet-tools.json" />
    <File Path="global.json" />
  </Folder>
  <Folder Name="/Source/">
    <File Path="Source/Directory.Build.props" />
    <Project Path="Source/Nalu.Maui/Nalu.Maui.csproj" />
    <Project Path="Source/Nalu.Maui.Controls/Nalu.Maui.Controls.csproj" />
    <Project Path="Source/Nalu.Maui.Core/Nalu.Maui.Core.csproj" />
    <Project Path="Source/Nalu.Maui.Layouts/Nalu.Maui.Layouts.csproj" />
    <Project Path="Source/Nalu.Maui.Navigation/Nalu.Maui.Navigation.csproj" />
    <Project Path="Source/Nalu.Maui.VirtualScroll/Nalu.Maui.VirtualScroll.csproj" />
  </Folder>
  <Folder Name="/Tests/">
    <File Path="Tests/.editorconfig" />
    <File Path="Tests/Directory.Build.props" />
    <Project Path="Tests/Nalu.Maui.Benchmarks/Nalu.Maui.Benchmarks.csproj" />
    <Project Path="Tests/Nalu.Maui.Test/Nalu.Maui.Test.csproj" />
  </Folder>
  <Folder Name="/UITests/">
    <File Path="UITests/.editorconfig" />
    <File Path="UITests/Directory.Build.props" />
    <Project Path="UITests/UITests.DevFlow/UITests.DevFlow.csproj" />
  </Folder>
</Solution>
