Microsoft Visual Studio Solution File, Format Version 12.00
# Visual Studio Version 17
VisualStudioVersion = 17.0.31423.177
MinimumVisualStudioVersion = 10.0.40219.1
Project("{2150E333-8FDC-42A3-9474-1A3956D46DE8}") = "Source", "Source", "{719809C2-A551-4C4A-9EFD-B10FB5E35BC0}"
	ProjectSection(SolutionItems) = preProject
		Source\Directory.Build.props = Source\Directory.Build.props
	EndProjectSection
EndProject
Project("{2150E333-8FDC-42A3-9474-1A3956D46DE8}") = "Samples", "Samples", "{00000000-0000-0000-0000-000000000000}"
	ProjectSection(SolutionItems) = preProject
		Samples\Directory.Build.props = Samples\Directory.Build.props
		Samples\.editorconfig = Samples\.editorconfig
	EndProjectSection
EndProject
Project("{2150E333-8FDC-42A3-9474-1A3956D46DE8}") = "Solution Items", "Solution Items", "{F20E2797-D1E3-4321-91BB-FAE54954D2A0}"
	ProjectSection(SolutionItems) = preProject
		.editorconfig = .editorconfig
		.gitattributes = .gitattributes
		.gitignore = .gitignore
		build.cake = build.cake
		Directory.Build.props = Directory.Build.props
		Directory.Build.targets = Directory.Build.targets
		dotnet-tools.json = dotnet-tools.json
		global.json = global.json
	EndProjectSection
EndProject
Project("{2150E333-8FDC-42A3-9474-1A3956D46DE8}") = "Documentation", "Documentation", "{7EDFA103-DB69-4C88-9DE4-97ADBF8253A1}"
	ProjectSection(SolutionItems) = preProject
		LICENSE.md = LICENSE.md
		README.md = README.md
	EndProjectSection
EndProject
Project("{2150E333-8FDC-42A3-9474-1A3956D46DE8}") = "Tests", "Tests", "{E1B24F25-B8A4-46EE-B7EB-7803DCFC543F}"
	ProjectSection(SolutionItems) = preProject
		Tests\.editorconfig = Tests\.editorconfig
		Tests\Directory.Build.props = Tests\Directory.Build.props
	EndProjectSection
EndProject
Project("{2150E333-8FDC-42A3-9474-1A3956D46DE8}") = "Images", "Images", "{26F71F5B-2940-4FB0-9681-A76060CBCEF9}"
	ProjectSection(SolutionItems) = preProject
		Images\NaluLogo.svg = Images\NaluLogo.svg
		Images\Banner.png = Images\Banner.png
		Images\Icon.png = Images\Icon.png
	EndProjectSection
EndProject
Project("{2150E333-8FDC-42A3-9474-1A3956D46DE8}") = "ISSUE_TEMPLATE", "ISSUE_TEMPLATE", "{566DF0E2-1288-4083-9B55-4C8B69BB1432}"
	ProjectSection(SolutionItems) = preProject
		.github\ISSUE_TEMPLATE\BUG_REPORT.yml = .github\ISSUE_TEMPLATE\BUG_REPORT.yml
		.github\ISSUE_TEMPLATE\FEATURE_REQUEST.yml = .github\ISSUE_TEMPLATE\FEATURE_REQUEST.yml
	EndProjectSection
EndProject
Project("{2150E333-8FDC-42A3-9474-1A3956D46DE8}") = ".github", ".github", "{0555C737-CE4B-4C78-87AB-6296E1E32D01}"
	ProjectSection(SolutionItems) = preProject
		.github\CODE_OF_CONDUCT.md = .github\CODE_OF_CONDUCT.md
		.github\CONTRIBUTING.md = .github\CONTRIBUTING.md
		.github\PULL_REQUEST_TEMPLATE.md = .github\PULL_REQUEST_TEMPLATE.md
		.github\SECURITY.md = .github\SECURITY.md
	EndProjectSection
EndProject
Project("{2150E333-8FDC-42A3-9474-1A3956D46DE8}") = ".github", ".github", "{EFE1E5ED-D337-4874-82EC-D9FA0BC7D3AB}"
	ProjectSection(SolutionItems) = preProject
		.github\dependabot.yml = .github\dependabot.yml
		.github\release-drafter.yml = .github\release-drafter.yml
	EndProjectSection
EndProject
Project("{2150E333-8FDC-42A3-9474-1A3956D46DE8}") = "workflows", "workflows", "{841C67EF-BBB2-4730-8E29-22FF3FD54306}"
	ProjectSection(SolutionItems) = preProject
		.github\workflows\build.yml = .github\workflows\build.yml
		.github\workflows\codeql-analysis.yml = .github\workflows\codeql-analysis.yml
		.github\workflows\release-drafter.yml = .github\workflows\release-drafter.yml
	EndProjectSection
EndProject
Project("{FAE04EC0-301F-11D3-BF4B-00C04F79EFBC}") = "Nalu.Maui", "Source\Nalu.Maui\Nalu.Maui.csproj", "{FF63DE33-999F-4045-B594-8BE9E7495C31}"
EndProject
Project("{FAE04EC0-301F-11D3-BF4B-00C04F79EFBC}") = "Nalu.Maui.Test", "Tests\Nalu.Maui.Test\Nalu.Maui.Test.csproj", "{5067A8EE-4496-4F5A-A5FB-4D66B89363E1}"
EndProject
Project("{FAE04EC0-301F-11D3-BF4B-00C04F79EFBC}") = "Nalu.Maui.Sample", "Samples\Nalu.Maui.Sample\Nalu.Maui.Sample.csproj", "{959B003B-842C-473F-99E5-E905642AFDAF}"
EndProject
Project("{FAE04EC0-301F-11D3-BF4B-00C04F79EFBC}") = "Nalu.Maui.DefaultShellSample", "Samples\Nalu.Maui.DefaultShellSample\Nalu.Maui.DefaultShellSample.csproj", "{D64BF572-B11E-4068-8848-70F3FF0FF2DF}"
EndProject
Project("{FAE04EC0-301F-11D3-BF4B-00C04F79EFBC}") = "Nalu.Maui.Navigation", "Source\Nalu.Maui.Navigation\Nalu.Maui.Navigation.csproj", "{CEB939B1-E5A5-462A-834F-7D32D1893444}"
EndProject
Project("{FAE04EC0-301F-11D3-BF4B-00C04F79EFBC}") = "Nalu.Maui.Core", "Source\Nalu.Maui.Core\Nalu.Maui.Core.csproj", "{BD63D735-B1BF-42CC-936E-A97991F29B1D}"
EndProject
Global
	GlobalSection(SolutionConfigurationPlatforms) = preSolution
		Debug|Any CPU = Debug|Any CPU
		Release|Any CPU = Release|Any CPU
	EndGlobalSection
	GlobalSection(ProjectConfigurationPlatforms) = postSolution
		{FF63DE33-999F-4045-B594-8BE9E7495C31}.Debug|Any CPU.ActiveCfg = Debug|Any CPU
		{FF63DE33-999F-4045-B594-8BE9E7495C31}.Debug|Any CPU.Build.0 = Debug|Any CPU
		{FF63DE33-999F-4045-B594-8BE9E7495C31}.Release|Any CPU.ActiveCfg = Release|Any CPU
		{FF63DE33-999F-4045-B594-8BE9E7495C31}.Release|Any CPU.Build.0 = Release|Any CPU
		{5067A8EE-4496-4F5A-A5FB-4D66B89363E1}.Debug|Any CPU.ActiveCfg = Debug|Any CPU
		{5067A8EE-4496-4F5A-A5FB-4D66B89363E1}.Debug|Any CPU.Build.0 = Debug|Any CPU
		{5067A8EE-4496-4F5A-A5FB-4D66B89363E1}.Release|Any CPU.ActiveCfg = Release|Any CPU
		{5067A8EE-4496-4F5A-A5FB-4D66B89363E1}.Release|Any CPU.Build.0 = Release|Any CPU
		{959B003B-842C-473F-99E5-E905642AFDAF}.Debug|Any CPU.ActiveCfg = Debug|Any CPU
		{959B003B-842C-473F-99E5-E905642AFDAF}.Debug|Any CPU.Build.0 = Debug|Any CPU
		{959B003B-842C-473F-99E5-E905642AFDAF}.Release|Any CPU.ActiveCfg = Release|Any CPU
		{D64BF572-B11E-4068-8848-70F3FF0FF2DF}.Debug|Any CPU.ActiveCfg = Debug|Any CPU
		{D64BF572-B11E-4068-8848-70F3FF0FF2DF}.Debug|Any CPU.Build.0 = Debug|Any CPU
		{D64BF572-B11E-4068-8848-70F3FF0FF2DF}.Release|Any CPU.ActiveCfg = Release|Any CPU
		{CEB939B1-E5A5-462A-834F-7D32D1893444}.Debug|Any CPU.ActiveCfg = Debug|Any CPU
		{CEB939B1-E5A5-462A-834F-7D32D1893444}.Debug|Any CPU.Build.0 = Debug|Any CPU
		{CEB939B1-E5A5-462A-834F-7D32D1893444}.Release|Any CPU.ActiveCfg = Release|Any CPU
		{CEB939B1-E5A5-462A-834F-7D32D1893444}.Release|Any CPU.Build.0 = Release|Any CPU
		{BD63D735-B1BF-42CC-936E-A97991F29B1D}.Debug|Any CPU.ActiveCfg = Debug|Any CPU
		{BD63D735-B1BF-42CC-936E-A97991F29B1D}.Debug|Any CPU.Build.0 = Debug|Any CPU
		{BD63D735-B1BF-42CC-936E-A97991F29B1D}.Release|Any CPU.ActiveCfg = Release|Any CPU
		{BD63D735-B1BF-42CC-936E-A97991F29B1D}.Release|Any CPU.Build.0 = Release|Any CPU
	EndGlobalSection
	GlobalSection(SolutionProperties) = preSolution
		HideSolutionNode = FALSE
	EndGlobalSection
	GlobalSection(NestedProjects) = preSolution
		{566DF0E2-1288-4083-9B55-4C8B69BB1432} = {0555C737-CE4B-4C78-87AB-6296E1E32D01}
		{0555C737-CE4B-4C78-87AB-6296E1E32D01} = {7EDFA103-DB69-4C88-9DE4-97ADBF8253A1}
		{EFE1E5ED-D337-4874-82EC-D9FA0BC7D3AB} = {F20E2797-D1E3-4321-91BB-FAE54954D2A0}
		{841C67EF-BBB2-4730-8E29-22FF3FD54306} = {EFE1E5ED-D337-4874-82EC-D9FA0BC7D3AB}
		{FF63DE33-999F-4045-B594-8BE9E7495C31} = {719809C2-A551-4C4A-9EFD-B10FB5E35BC0}
		{5067A8EE-4496-4F5A-A5FB-4D66B89363E1} = {E1B24F25-B8A4-46EE-B7EB-7803DCFC543F}
		{959B003B-842C-473F-99E5-E905642AFDAF} = {00000000-0000-0000-0000-000000000000}
		{D64BF572-B11E-4068-8848-70F3FF0FF2DF} = {00000000-0000-0000-0000-000000000000}
		{CEB939B1-E5A5-462A-834F-7D32D1893444} = {719809C2-A551-4C4A-9EFD-B10FB5E35BC0}
		{BD63D735-B1BF-42CC-936E-A97991F29B1D} = {719809C2-A551-4C4A-9EFD-B10FB5E35BC0}
	EndGlobalSection
	GlobalSection(ExtensibilityGlobals) = postSolution
		SolutionGuid = {73F36209-F8D6-4066-8951-D97729F773CF}
	EndGlobalSection
EndGlobal
